<Solution>
  <Project Path="AotDemo/AotDemo.csproj" />
  <Project Path="AudioBench/AudioBench.csproj" />
  <Project Path="AudioExample/AudioExample.csproj" />
  <Project Path="Srui.Audio/Srui.Audio.csproj" />
  <Project Path="Srui.Net.Tests/Srui.Net.Tests.csproj" />
  <Project Path="Srui.Net/Srui.Net.csproj" />
  <Project Path="SruiDemo/SruiDemo.csproj" />
  <Project Path="SruiTasks/SruiTasks.csproj" />
</Solution>
